
Microsoft Visual Studio Solution File, Format Version 12.00
# Visual Studio Version 17
VisualStudioVersion = 17.1.32228.430
MinimumVisualStudioVersion = 10.0.40219.1
Project("{FAE04EC0-301F-11D3-BF4B-00C04F79EFBC}") = "Ciclo_For[_tablas_multiplicar_1_10", "Ciclo_For[_tablas_multiplicar_1_10\Ciclo_For[_tablas_multiplicar_1_10.csproj", "{4DE2BCA2-59F2-44E6-84C0-2008BE54FB1A}"
EndProject
Global
	GlobalSection(SolutionConfigurationPlatforms) = preSolution
		Debug|Any CPU = Debug|Any CPU
		Release|Any CPU = Release|Any CPU
	EndGlobalSection
	GlobalSection(ProjectConfigurationPlatforms) = postSolution
		{4DE2BCA2-59F2-44E6-84C0-2008BE54FB1A}.Debug|Any CPU.ActiveCfg = Debug|Any CPU
		{4DE2BCA2-59F2-44E6-84C0-2008BE54FB1A}.Debug|Any CPU.Build.0 = Debug|Any CPU
		{4DE2BCA2-59F2-44E6-84C0-2008BE54FB1A}.Release|Any CPU.ActiveCfg = Release|Any CPU
		{4DE2BCA2-59F2-44E6-84C0-2008BE54FB1A}.Release|Any CPU.Build.0 = Release|Any CPU
	EndGlobalSection
	GlobalSection(SolutionProperties) = preSolution
		HideSolutionNode = FALSE
	EndGlobalSection
	GlobalSection(ExtensibilityGlobals) = postSolution
		SolutionGuid = {63D650FE-4F4D-44F2-B4BB-A140607A354E}
	EndGlobalSection
EndGlobal
